
Microsoft Visual Studio Solution File, Format Version 12.00
# Visual Studio Version 17
VisualStudioVersion = 17.11.35327.3
MinimumVisualStudioVersion = 10.0.40219.1
Project("{FAE04EC0-301F-11D3-BF4B-00C04F79EFBC}") = "ChapterThree", "ChapterThree\ChapterThree.csproj", "{ADCF1D3E-D146-4E1A-9AA7-28B7C8472D36}"
EndProject
Global
	GlobalSection(SolutionConfigurationPlatforms) = preSolution
		Debug|Any CPU = Debug|Any CPU
		Release|Any CPU = Release|Any CPU
	EndGlobalSection
	GlobalSection(ProjectConfigurationPlatforms) = postSolution
		{ADCF1D3E-D146-4E1A-9AA7-28B7C8472D36}.Debug|Any CPU.ActiveCfg = Debug|Any CPU
		{ADCF1D3E-D146-4E1A-9AA7-28B7C8472D36}.Debug|Any CPU.Build.0 = Debug|Any CPU
		{ADCF1D3E-D146-4E1A-9AA7-28B7C8472D36}.Release|Any CPU.ActiveCfg = Release|Any CPU
		{ADCF1D3E-D146-4E1A-9AA7-28B7C8472D36}.Release|Any CPU.Build.0 = Release|Any CPU
	EndGlobalSection
	GlobalSection(SolutionProperties) = preSolution
		HideSolutionNode = FALSE
	EndGlobalSection
	GlobalSection(ExtensibilityGlobals) = postSolution
		SolutionGuid = {69340098-D462-45A1-BD6A-99B42D2E375C}
	EndGlobalSection
EndGlobal
